github.com/Nvveen/Gotty v0.0.0-20120604004816-cd527374f1e5 h1:TngWCqHvy9oXAN6lEVMRuU21PR1EtLVZJmdB18Gu3Rw=
github.com/Nvveen/Gotty v0.0.0-20120604004816-cd527374f1e5/go.mod h1:lmUJ/7eu/Q8D7ML55dXQrVaamCz2vxCfdQBasLZfHKk=
github.com/Sirupsen/logrus v0.0.0-20170215164324-7f4b1adc7917 h1:bkmXZql+mlxcc4ClWbNMuv7S98Re3lOG7m91V/Fl+7M=
github.com/Sirupsen/logrus v0.0.0-20170215164324-7f4b1adc7917/go.mod h1:rmk17hk6i8ZSAJkSDa7nOxamrG+SP4P0mm+DAvExv4U=
github.com/alecthomas/template v0.0.0-20160405071501-a0175ee3bccc h1:cAKDfWh5VpdgMhJosfJnn5/FoN2SRZ4p7fJNX58YPaU=
github.com/alecthomas/template v0.0.0-20160405071501-a0175ee3bccc/go.mod h1:LOuyumcjzFXgccqObfd/Ljyb9UuFJ6TxHnclSeseNhc=
github.com/alecthomas/units v0.0.0-20151022065526-2efee857e7cf h1:qet1QNfXsQxTZqLG4oE62mJzwPIB8+Tee4RNCL9ulrY=
github.com/alecthomas/units v0.0.0-20151022065526-2efee857e7cf/go.mod h1:ybxpYRFXyAe+OPACYpWeL0wqObRcbAqCMya13uyzqw0=
github.com/boz/go-throttle v0.0.0-20160922054636-fdc4eab740c1 h1:1fx+RA5lk1ZkzPAUP7DEgZnVHYxEcHO77vQO/V8z/2Q=
github.com/boz/go-throttle v0.0.0-20160922054636-fdc4eab740c1/go.mod h1:z0nyIb42Zs97wyX1V+8MbEFhHeTw1OgFQfR6q57ZuHc=
github.com/buger/jsonparser v0.0.0-20170325175528-016ea00d7ed5 h1:6Tu4eB3VftkCMQ8sMbD2UEB5uY0iQlGV7su6kRuXGyA=
github.com/buger/jsonparser v0.0.0-20170325175528-016ea00d7ed5/go.mod h1:bbYlZJ7hK1yFx9hf58LP0zeX7UjIGs20ufpu3evjr+s=
github.com/davecgh/go-spew v1.1.1 h1:vj9j/u1bqnvCEfJOwUhtlOARqs3+rkHYY13jYWTU97c=
github.com/davecgh/go-spew v1.1.1/go.mod h1:J7Y8YcW2NihsgmVo/mv3lAwl/skON4iLHjSsI+c5H38=
github.com/docker/distribution v0.0.0-20170221190814-50133d63723f h1:0XJhPgW1md+/6m30gpS0b+MAWjboggnMx1SO4boG5Vk=
github.com/docker/distribution v0.0.0-20170221190814-50133d63723f/go.mod h1:J2gT2udsDAN96Uj4KfcMRqY0/ypR+oyYUYmja8H+y+w=
github.com/docker/docker v0.0.0-20170221221332-19795b934cac h1:9kwRSEKJU71VkWy9WxLZ9GK2l39Z9blN9a6ugTwxQmk=
github.com/docker/docker v0.0.0-20170221221332-19795b934cac/go.mod h1:eEKB0N0r5NX/I1kEveEz05bcu8tLC/8azJZsviup8Sk=
github.com/docker/go-connections v0.0.0-20170221232618-d217f8e36aba h1:13bQFi0hYcliemnRCy7yJ3WCCaAhca5cHAo/l068lk4=
github.com/docker/go-connections v0.0.0-20170221232618-d217f8e36aba/go.mod h1:Gbd7IOopHjR8Iph03tsViu4nIes5XhDvyHbTtUxmeec=
github.com/docker/go-units v0.3.3 h1:Xk8S3Xj5sLGlG5g67hJmYMmUgXv5N4PhkjJHHqrwnTk=
github.com/docker/go-units v0.3.3/go.mod h1:fgPhTUdO+D/Jk86RDLlptpiXQzgHJF7gydDDbaIK4Dk=
github.com/docker/libtrust v0.0.0-20160708172513-aabc10ec26b7 h1:UhxFibDNY/bfvqU5CAUmr9zpesgbU6SWc8/B4mflAE4=
github.com/docker/libtrust v0.0.0-20160708172513-aabc10ec26b7/go.mod h1:cyGadeNEkKy96OOhEzfZl+yxihPEzKnqJwvfuSUqbZE=
github.com/garyburd/redigo v0.0.0-20170216214944-0d253a66e6e1 h1:EMQBnddyoHv0zXA5BwDHsI12dSbmCQlFfpYtcyL9Uh8=
github.com/garyburd/redigo v0.0.0-20170216214944-0d253a66e6e1/go.mod h1:NR3MbYisc3/PwhQ00EMzDiPmrwpPxAn5GI05/YaO1SY=
github.com/gdamore/encoding v0.0.0-20151215212835-b23993cbb635 h1:hheUEMzaOie/wKeIc1WPa7CDVuIO5hqQxjS+dwTQEnI=
github.com/gdamore/encoding v0.0.0-20151215212835-b23993cbb635/go.mod h1:yrQYJKKDTrHmbYxI7CYi+/hbdiDT2m4Hj+t0ikCjsrQ=
github.com/gdamore/tcell v0.0.0-20161206171916-44772c121bb7 h1:4x5H1Prrxzth1OR1aPh+hKZtfELIr8Kqp+QUpwF3w+I=
github.com/gdamore/tcell v0.0.0-20161206171916-44772c121bb7/go.mod h1:tqyG50u7+Ctv1w5VX67kLzKcj9YXR/JSBZQq/+mLl1A=
github.com/ghodss/yaml v1.0.0 h1:wQHKEahhL6wmXdzwWG11gIVCkOv05bNOh+Rxn0yngAk=
github.com/ghodss/yaml v1.0.0/go.mod h1:4dBDuWmgqj2HViK6kFavaiC9ZROes6MMH2rRYeMEF04=
github.com/gorilla/mux v1.7.1 h1:Dw4jY2nghMMRsh1ol8dv1axHkDwMQK2DHerMNJsIpJU=
github.com/gorilla/mux v1.7.1/go.mod h1:1lud6UwP+6orDFRuTfBEV8e9/aOM/c4fVVCaMa2zaAs=
github.com/lib/pq v0.0.0-20170213221049-ba5d4f7a3556 h1:VzVkNmuiWdLXOy06lLRCCle+7mO0DKACg2Dhupb7S88=
github.com/lib/pq v0.0.0-20170213221049-ba5d4f7a3556/go.mod h1:5WUZQaWbwv1U+lTReE5YruASi9Al49XbQIvNi/34Woo=
github.com/lucasb-eyer/go-colorful v0.0.0-20170223221042-c900de9dbbc7 h1:G52I+Gk/wPD4HKvKT0Vxxp9OUPxqKs3OK6rffSPtNkA=
github.com/lucasb-eyer/go-colorful v0.0.0-20170223221042-c900de9dbbc7/go.mod h1:NXg0ArsFk0Y01623LgUqoqcouGDB+PwCCQlrwrG6xJ4=
github.com/mattn/go-runewidth v0.0.0-20170201023540-14207d285c6c h1:eFzthqtg3W6Pihj3DMTXLAF4f+ge5r5Ie5g6HLIZAF0=
github.com/mattn/go-runewidth v0.0.0-20170201023540-14207d285c6c/go.mod h1:LwmH8dsx7+W8Uxz3IHJYH5QSwggIsqBzpuz5H//U1FU=
github.com/opencontainers/go-digest v1.0.0-rc1 h1:WzifXhOVOEOuFYOJAW6aQqW0TooG2iki3E3Ii+WN7gQ=
github.com/opencontainers/go-digest v1.0.0-rc1/go.mod h1:cMLVZDEM3+U2I4VmLI6N8jQYUd2OVphdqWwCJHrFt2s=
github.com/pkg/errors v0.8.1 h1:iURUrRGxPUNPdy5/HRSm+Yj6okJ6UtLINN0Q9M4+h3I=
github.com/pkg/errors v0.8.1/go.mod h1:bwawxfHBFNV+L2hUp1rHADufV3IMtnDRdf1r5NINEl0=
github.com/pmezard/go-difflib v1.0.0 h1:4DBwDE0NGyQoBHbLQYPwSUPoCMWR5BEzIk/f1lZbAQM=
github.com/pmezard/go-difflib v1.0.0/go.mod h1:iKH77koFhYxTK1pcRnkKkqfTogsbg7gZNVY4sRDYZ/4=
github.com/spf13/pflag v1.0.3 h1:zPAT6CGy6wXeQ7NtTnaTerfKOsV6V6F8agHXFiazDkg=
github.com/spf13/pflag v1.0.3/go.mod h1:DYY7MBk1bdzusC3SYhjObp+wFpr4gzcvqqNjLnInEg4=
github.com/stretchr/testify v0.0.0-20170130113145-4d4bfba8f1d1 h1:Zx8Rp9ozC4FPFxfEKRSUu8+Ay3sZxEUZ7JrCWMbGgvE=
github.com/stretchr/testify v0.0.0-20170130113145-4d4bfba8f1d1/go.mod h1:a8OnRcib4nhh0OaRAV+Yts87kKdq0PP7pXfy6kDkUVs=
golang.org/x/crypto v0.0.0-20190308221718-c2843e01d9a2/go.mod h1:djNgcEr1/C05ACkg1iLfiJU5Ep61QUkGW8qpdssI0+w=
golang.org/x/net v0.0.0-20190404232315-eb5bcb51f2a3 h1:0GoQqolDA55aaLxZyTzK/Y2ePZzZTUrRacwib7cNsYQ=
golang.org/x/net v0.0.0-20190404232315-eb5bcb51f2a3/go.mod h1:t9HGtf8HONx5eT2rtn7q6eTqICYqUVnKs3thJo3Qplg=
golang.org/x/sys v0.0.0-20190215142949-d0b11bdaac8a/go.mod h1:STP8DvDyc/dI5b8T5hshtkjS+E42TnysNCUPdjciGhY=
golang.org/x/text v0.0.0-20170422073719-a9a820217f98 h1:KwxWj6jugQzY52BTUAgZpuMkJXW+OSmv9roBIvGF1WY=
golang.org/x/text v0.0.0-20170422073719-a9a820217f98/go.mod h1:NqM8EUOU14njkJ3fqMW+pc6Ldnwhi/IjpwHt7yyuwOQ=
golang.org/x/text v0.3.0 h1:g61tztE5qeGQ89tm6NTjjM9VPIm088od1l6aSorWRWg=
golang.org/x/text v0.3.0/go.mod h1:NqM8EUOU14njkJ3fqMW+pc6Ldnwhi/IjpwHt7yyuwOQ=
gopkg.in/alecthomas/kingpin.v2 v2.2.6 h1:jMFz6MfLP0/4fUyZle81rXUoxOBFi19VUFKVDOQfozc=
gopkg.in/alecthomas/kingpin.v2 v2.2.6/go.mod h1:FMv+mEhP44yOT+4EoQTLFTRgOQ1FBLkstjWtayDeSgw=
gopkg.in/yaml.v2 v2.0.0-20170407172122-cd8b52f8269e h1:o/mfNjxpTLivuKEfxzzwrJ8PmulH2wEp7t713uMwKAA=
gopkg.in/yaml.v2 v2.0.0-20170407172122-cd8b52f8269e/go.mod h1:JAlM8MvJe8wmxCU4Bli9HhUf9+ttbYbLASfIpnQbh74=
